// !$*UTF8*$!
{
	archiveVersion = 1;
	classes = {
	};
	objectVersion = 50;
	objects = {

/* Begin PBXBuildFile section */
		86FA8A7D2270D80400818332 /* AppDelegate.swift in Sources */ = {isa = PBXBuildFile; fileRef = 86FA8A7C2270D80400818332 /* AppDelegate.swift */; };
		86FA8A7F2270D80400818332 /* ViewController.swift in Sources */ = {isa = PBXBuildFile; fileRef = 86FA8A7E2270D80400818332 /* ViewController.swift */; };
		86FA8A822270D80400818332 /* Main.storyboard in Resources */ = {isa = PBXBuildFile; fileRef = 86FA8A802270D80400818332 /* Main.storyboard */; };
		86FA8A842270D80600818332 /* Assets.xcassets in Resources */ = {isa = PBXBuildFile; fileRef = 86FA8A832270D80600818332 /* Assets.xcassets */; };
		86FA8A872270D80600818332 /* LaunchScreen.storyboard in Resources */ = {isa = PBXBuildFile; fileRef = 86FA8A852270D80600818332 /* LaunchScreen.storyboard */; };
		86FA8A8F2270D84F00818332 /* Car.swift in Sources */ = {isa = PBXBuildFile; fileRef = 86FA8A8E2270D84F00818332 /* Car.swift */; };
		86FA8A912270DB5A00818332 /* APIService.swift in Sources */ = {isa = PBXBuildFile; fileRef = 86FA8A902270DB5A00818332 /* APIService.swift */; };
		86FA8A932271042100818332 /* cars.json in Resources */ = {isa = PBXBuildFile; fileRef = 86FA8A922271042100818332 /* cars.json */; };
		86FA8A95227110E800818332 /* CarCell.swift in Sources */ = {isa = PBXBuildFile; fileRef = 86FA8A94227110E800818332 /* CarCell.swift */; };
		86FA8A9B2271173700818332 /* 5.png in Resources */ = {isa = PBXBuildFile; fileRef = 86FA8A962271173600818332 /* 5.png */; };
		86FA8A9C2271173700818332 /* 2.png in Resources */ = {isa = PBXBuildFile; fileRef = 86FA8A972271173700818332 /* 2.png */; };
		86FA8A9D2271173700818332 /* 3.png in Resources */ = {isa = PBXBuildFile; fileRef = 86FA8A982271173700818332 /* 3.png */; };
		86FA8A9E2271173700818332 /* 1.png in Resources */ = {isa = PBXBuildFile; fileRef = 86FA8A992271173700818332 /* 1.png */; };
		86FA8A9F2271173700818332 /* 4.png in Resources */ = {isa = PBXBuildFile; fileRef = 86FA8A9A2271173700818332 /* 4.png */; };
		86FA8AA222712F6700818332 /* availible.json in Resources */ = {isa = PBXBuildFile; fileRef = 86FA8AA122712F6700818332 /* availible.json */; };
/* End PBXBuildFile section */

/* Begin PBXFileReference section */
		86FA8A792270D80400818332 /* FancyCars.app */ = {isa = PBXFileReference; explicitFileType = wrapper.application; includeInIndex = 0; path = FancyCars.app; sourceTree = BUILT_PRODUCTS_DIR; };
		86FA8A7C2270D80400818332 /* AppDelegate.swift */ = {isa = PBXFileReference; lastKnownFileType = sourcecode.swift; path = AppDelegate.swift; sourceTree = "<group>"; };
		86FA8A7E2270D80400818332 /* ViewController.swift */ = {isa = PBXFileReference; lastKnownFileType = sourcecode.swift; path = ViewController.swift; sourceTree = "<group>"; };
		86FA8A812270D80400818332 /* Base */ = {isa = PBXFileReference; lastKnownFileType = file.storyboard; name = Base; path = Base.lproj/Main.storyboard; sourceTree = "<group>"; };
		86FA8A832270D80600818332 /* Assets.xcassets */ = {isa = PBXFileReference; lastKnownFileType = folder.assetcatalog; path = Assets.xcassets; sourceTree = "<group>"; };
		86FA8A862270D80600818332 /* Base */ = {isa = PBXFileReference; lastKnownFileType = file.storyboard; name = Base; path = Base.lproj/LaunchScreen.storyboard; sourceTree = "<group>"; };
		86FA8A882270D80600818332 /* Info.plist */ = {isa = PBXFileReference; lastKnownFileType = text.plist.xml; path = Info.plist; sourceTree = "<group>"; };
		86FA8A8E2270D84F00818332 /* Car.swift */ = {isa = PBXFileReference; lastKnownFileType = sourcecode.swift; path = Car.swift; sourceTree = "<group>"; };
		86FA8A902270DB5A00818332 /* APIService.swift */ = {isa = PBXFileReference; lastKnownFileType = sourcecode.swift; path = APIService.swift; sourceTree = "<group>"; };
		86FA8A922271042100818332 /* cars.json */ = {isa = PBXFileReference; lastKnownFileType = text.json; path = cars.json; sourceTree = "<group>"; };
		86FA8A94227110E800818332 /* CarCell.swift */ = {isa = PBXFileReference; lastKnownFileType = sourcecode.swift; path = CarCell.swift; sourceTree = "<group>"; };
		86FA8A962271173600818332 /* 5.png */ = {isa = PBXFileReference; lastKnownFileType = image.png; name = 5.png; path = FancyCars/images/5.png; sourceTree = SOURCE_ROOT; };
		86FA8A972271173700818332 /* 2.png */ = {isa = PBXFileReference; lastKnownFileType = image.png; name = 2.png; path = FancyCars/images/2.png; sourceTree = SOURCE_ROOT; };
		86FA8A982271173700818332 /* 3.png */ = {isa = PBXFileReference; lastKnownFileType = image.png; name = 3.png; path = FancyCars/images/3.png; sourceTree = SOURCE_ROOT; };
		86FA8A992271173700818332 /* 1.png */ = {isa = PBXFileReference; lastKnownFileType = image.png; name = 1.png; path = FancyCars/images/1.png; sourceTree = SOURCE_ROOT; };
		86FA8A9A2271173700818332 /* 4.png */ = {isa = PBXFileReference; lastKnownFileType = image.png; name = 4.png; path = FancyCars/images/4.png; sourceTree = SOURCE_ROOT; };
		86FA8AA122712F6700818332 /* availible.json */ = {isa = PBXFileReference; lastKnownFileType = text.json; path = availible.json; sourceTree = "<group>"; };
/* End PBXFileReference section */

/* Begin PBXFrameworksBuildPhase section */
		86FA8A762270D80400818332 /* Frameworks */ = {
			isa = PBXFrameworksBuildPhase;
			buildActionMask = 2147483647;
			files = (
			);
			runOnlyForDeploymentPostprocessing = 0;
		};
/* End PBXFrameworksBuildPhase section */

/* Begin PBXGroup section */
		86FA8A702270D80400818332 = {
			isa = PBXGroup;
			children = (
				86FA8A7B2270D80400818332 /* FancyCars */,
				86FA8A7A2270D80400818332 /* Products */,
			);
			sourceTree = "<group>";
		};
		86FA8A7A2270D80400818332 /* Products */ = {
			isa = PBXGroup;
			children = (
				86FA8A792270D80400818332 /* FancyCars.app */,
			);
			name = Products;
			sourceTree = "<group>";
		};
		86FA8A7B2270D80400818332 /* FancyCars */ = {
			isa = PBXGroup;
			children = (
				86FA8AA02271173D00818332 /* images */,
				86FA8A7C2270D80400818332 /* AppDelegate.swift */,
				86FA8A94227110E800818332 /* CarCell.swift */,
				86FA8A7E2270D80400818332 /* ViewController.swift */,
				86FA8A802270D80400818332 /* Main.storyboard */,
				86FA8A832270D80600818332 /* Assets.xcassets */,
				86FA8A852270D80600818332 /* LaunchScreen.storyboard */,
				86FA8A882270D80600818332 /* Info.plist */,
				86FA8A8E2270D84F00818332 /* Car.swift */,
				86FA8A902270DB5A00818332 /* APIService.swift */,
				86FA8A922271042100818332 /* cars.json */,
				86FA8AA122712F6700818332 /* availible.json */,
			);
			path = FancyCars;
			sourceTree = "<group>";
		};
		86FA8AA02271173D00818332 /* images */ = {
			isa = PBXGroup;
			children = (
				86FA8A992271173700818332 /* 1.png */,
				86FA8A972271173700818332 /* 2.png */,
				86FA8A982271173700818332 /* 3.png */,
				86FA8A9A2271173700818332 /* 4.png */,
				86FA8A962271173600818332 /* 5.png */,
			);
			path = images;
			sourceTree = "<group>";
		};
/* End PBXGroup section */

/* Begin PBXNativeTarget section */
		86FA8A782270D80400818332 /* FancyCars */ = {
			isa = PBXNativeTarget;
			buildConfigurationList = 86FA8A8B2270D80600818332 /* Build configuration list for PBXNativeTarget "FancyCars" */;
			buildPhases = (
				86FA8A752270D80400818332 /* Sources */,
				86FA8A762270D80400818332 /* Frameworks */,
				86FA8A772270D80400818332 /* Resources */,
			);
			buildRules = (
			);
			dependencies = (
			);
			name = FancyCars;
			productName = FancyCars;
			productReference = 86FA8A792270D80400818332 /* FancyCars.app */;
			productType = "com.apple.product-type.application";
		};
/* End PBXNativeTarget section */

/* Begin PBXProject section */
		86FA8A712270D80400818332 /* Project object */ = {
			isa = PBXProject;
			attributes = {
				LastSwiftUpdateCheck = 1010;
				LastUpgradeCheck = 1010;
				ORGANIZATIONNAME = "Michael Chung";
				TargetAttributes = {
					86FA8A782270D80400818332 = {
						CreatedOnToolsVersion = 10.1;
					};
				};
			};
			buildConfigurationList = 86FA8A742270D80400818332 /* Build configuration list for PBXProject "FancyCars" */;
			compatibilityVersion = "Xcode 9.3";
			developmentRegion = en;
			hasScannedForEncodings = 0;
			knownRegions = (
				en,
				Base,
			);
			mainGroup = 86FA8A702270D80400818332;
			productRefGroup = 86FA8A7A2270D80400818332 /* Products */;
			projectDirPath = "";
			projectRoot = "";
			targets = (
				86FA8A782270D80400818332 /* FancyCars */,
			);
		};
/* End PBXProject section */

/* Begin PBXResourcesBuildPhase section */
		86FA8A772270D80400818332 /* Resources */ = {
			isa = PBXResourcesBuildPhase;
			buildActionMask = 2147483647;
			files = (
				86FA8A9C2271173700818332 /* 2.png in Resources */,
				86FA8AA222712F6700818332 /* availible.json in Resources */,
				86FA8A872270D80600818332 /* LaunchScreen.storyboard in Resources */,
				86FA8A9B2271173700818332 /* 5.png in Resources */,
				86FA8A9E2271173700818332 /* 1.png in Resources */,
				86FA8A842270D80600818332 /* Assets.xcassets in Resources */,
				86FA8A932271042100818332 /* cars.json in Resources */,
				86FA8A9F2271173700818332 /* 4.png in Resources */,
				86FA8A9D2271173700818332 /* 3.png in Resources */,
				86FA8A822270D80400818332 /* Main.storyboard in Resources */,
			);
			runOnlyForDeploymentPostprocessing = 0;
		};
/* End PBXResourcesBuildPhase section */

/* Begin PBXSourcesBuildPhase section */
		86FA8A752270D80400818332 /* Sources */ = {
			isa = PBXSourcesBuildPhase;
			buildActionMask = 2147483647;
			files = (
				86FA8A7F2270D80400818332 /* ViewController.swift in Sources */,
				86FA8A7D2270D80400818332 /* AppDelegate.swift in Sources */,
				86FA8A912270DB5A00818332 /* APIService.swift in Sources */,
				86FA8A95227110E800818332 /* CarCell.swift in Sources */,
				86FA8A8F2270D84F00818332 /* Car.swift in Sources */,
			);
			runOnlyForDeploymentPostprocessing = 0;
		};
/* End PBXSourcesBuildPhase section */

/* Begin PBXVariantGroup section */
		86FA8A802270D80400818332 /* Main.storyboard */ = {
			isa = PBXVariantGroup;
			children = (
				86FA8A812270D80400818332 /* Base */,
			);
			name = Main.storyboard;
			sourceTree = "<group>";
		};
		86FA8A852270D80600818332 /* LaunchScreen.storyboard */ = {
			isa = PBXVariantGroup;
			children = (
				86FA8A862270D80600818332 /* Base */,
			);
			name = LaunchScreen.storyboard;
			sourceTree = "<group>";
		};
/* End PBXVariantGroup section */

/* Begin XCBuildConfiguration section */
		86FA8A892270D80600818332 /* Debug */ = {
			isa = XCBuildConfiguration;
			buildSettings = {
				ALWAYS_SEARCH_USER_PATHS = NO;
				CLANG_ANALYZER_NONNULL = YES;
				CLANG_ANALYZER_NUMBER_OBJECT_CONVERSION = YES_AGGRESSIVE;
				CLANG_CXX_LANGUAGE_STANDARD = "gnu++14";
				CLANG_CXX_LIBRARY = "libc++";
				CLANG_ENABLE_MODULES = YES;
				CLANG_ENABLE_OBJC_ARC = YES;
				CLANG_ENABLE_OBJC_WEAK = YES;
				CLANG_WARN_BLOCK_CAPTURE_AUTORELEASING = YES;
				CLANG_WARN_BOOL_CONVERSION = YES;
				CLANG_WARN_COMMA = YES;
				CLANG_WARN_CONSTANT_CONVERSION = YES;
				CLANG_WARN_DEPRECATED_OBJC_IMPLEMENTATIONS = YES;
				CLANG_WARN_DIRECT_OBJC_ISA_USAGE = YES_ERROR;
				CLANG_WARN_DOCUMENTATION_COMMENTS = YES;
				CLANG_WARN_EMPTY_BODY = YES;
				CLANG_WARN_ENUM_CONVERSION = YES;
				CLANG_WARN_INFINITE_RECURSION = YES;
				CLANG_WARN_INT_CONVERSION = YES;
				CLANG_WARN_NON_LITERAL_NULL_CONVERSION = YES;
				CLANG_WARN_OBJC_IMPLICIT_RETAIN_SELF = YES;
				CLANG_WARN_OBJC_LITERAL_CONVERSION = YES;
				CLANG_WARN_OBJC_ROOT_CLASS = YES_ERROR;
				CLANG_WARN_RANGE_LOOP_ANALYSIS = YES;
				CLANG_WARN_STRICT_PROTOTYPES = YES;
				CLANG_WARN_SUSPICIOUS_MOVE = YES;
				CLANG_WARN_UNGUARDED_AVAILABILITY = YES_AGGRESSIVE;
				CLANG_WARN_UNREACHABLE_CODE = YES;
				CLANG_WARN__DUPLICATE_METHOD_MATCH = YES;
				CODE_SIGN_IDENTITY = "iPhone Developer";
				COPY_PHASE_STRIP = NO;
				DEBUG_INFORMATION_FORMAT = dwarf;
				ENABLE_STRICT_OBJC_MSGSEND = YES;
				ENABLE_TESTABILITY = YES;
				GCC_C_LANGUAGE_STANDARD = gnu11;
				GCC_DYNAMIC_NO_PIC = NO;
				GCC_NO_COMMON_BLOCKS = YES;
				GCC_OPTIMIZATION_LEVEL = 0;
				GCC_PREPROCESSOR_DEFINITIONS = (
					"DEBUG=1",
					"$(inherited)",
				);
				GCC_WARN_64_TO_32_BIT_CONVERSION = YES;
				GCC_WARN_ABOUT_RETURN_TYPE = YES_ERROR;
				GCC_WARN_UNDECLARED_SELECTOR = YES;
				GCC_WARN_UNINITIALIZED_AUTOS = YES_AGGRESSIVE;
				GCC_WARN_UNUSED_FUNCTION = YES;
				GCC_WARN_UNUSED_VARIABLE = YES;
				IPHONEOS_DEPLOYMENT_TARGET = 12.1;
				MTL_ENABLE_DEBUG_INFO = INCLUDE_SOURCE;
				MTL_FAST_MATH = YES;
				ONLY_ACTIVE_ARCH = YES;
				SDKROOT = iphoneos;
				SWIFT_ACTIVE_COMPILATION_CONDITIONS = DEBUG;
				SWIFT_OPTIMIZATION_LEVEL = "-Onone";
			};
			name = Debug;
		};
		86FA8A8A2270D80600818332 /* Release */ = {
			isa = XCBuildConfiguration;
			buildSettings = {
				ALWAYS_SEARCH_USER_PATHS = NO;
				CLANG_ANALYZER_NONNULL = YES;
				CLANG_ANALYZER_NUMBER_OBJECT_CONVERSION = YES_AGGRESSIVE;
				CLANG_CXX_LANGUAGE_STANDARD = "gnu++14";
				CLANG_CXX_LIBRARY = "libc++";
				CLANG_ENABLE_MODULES = YES;
				CLANG_ENABLE_OBJC_ARC = YES;
				CLANG_ENABLE_OBJC_WEAK = YES;
				CLANG_WARN_BLOCK_CAPTURE_AUTORELEASING = YES;
				CLANG_WARN_BOOL_CONVERSION = YES;
				CLANG_WARN_COMMA = YES;
				CLANG_WARN_CONSTANT_CONVERSION = YES;
				CLANG_WARN_DEPRECATED_OBJC_IMPLEMENTATIONS = YES;
				CLANG_WARN_DIRECT_OBJC_ISA_USAGE = YES_ERROR;
				CLANG_WARN_DOCUMENTATION_COMMENTS = YES;
				CLANG_WARN_EMPTY_BODY = YES;
				CLANG_WARN_ENUM_CONVERSION = YES;
				CLANG_WARN_INFINITE_RECURSION = YES;
				CLANG_WARN_INT_CONVERSION = YES;
				CLANG_WARN_NON_LITERAL_NULL_CONVERSION = YES;
				CLANG_WARN_OBJC_IMPLICIT_RETAIN_SELF = YES;
				CLANG_WARN_OBJC_LITERAL_CONVERSION = YES;
				CLANG_WARN_OBJC_ROOT_CLASS = YES_ERROR;
				CLANG_WARN_RANGE_LOOP_ANALYSIS = YES;
				CLANG_WARN_STRICT_PROTOTYPES = YES;
				CLANG_WARN_SUSPICIOUS_MOVE = YES;
				CLANG_WARN_UNGUARDED_AVAILABILITY = YES_AGGRESSIVE;
				CLANG_WARN_UNREACHABLE_CODE = YES;
				CLANG_WARN__DUPLICATE_METHOD_MATCH = YES;
				CODE_SIGN_IDENTITY = "iPhone Developer";
				COPY_PHASE_STRIP = NO;
				DEBUG_INFORMATION_FORMAT = "dwarf-with-dsym";
				ENABLE_NS_ASSERTIONS = NO;
				ENABLE_STRICT_OBJC_MSGSEND = YES;
				GCC_C_LANGUAGE_STANDARD = gnu11;
				GCC_NO_COMMON_BLOCKS = YES;
				GCC_WARN_64_TO_32_BIT_CONVERSION = YES;
				GCC_WARN_ABOUT_RETURN_TYPE = YES_ERROR;
				GCC_WARN_UNDECLARED_SELECTOR = YES;
				GCC_WARN_UNINITIALIZED_AUTOS = YES_AGGRESSIVE;
				GCC_WARN_UNUSED_FUNCTION = YES;
				GCC_WARN_UNUSED_VARIABLE = YES;
				IPHONEOS_DEPLOYMENT_TARGET = 12.1;
				MTL_ENABLE_DEBUG_INFO = NO;
				MTL_FAST_MATH = YES;
				SDKROOT = iphoneos;
				SWIFT_COMPILATION_MODE = wholemodule;
				SWIFT_OPTIMIZATION_LEVEL = "-O";
				VALIDATE_PRODUCT = YES;
			};
			name = Release;
		};
		86FA8A8C2270D80600818332 /* Debug */ = {
			isa = XCBuildConfiguration;
			buildSettings = {
				ASSETCATALOG_COMPILER_APPICON_NAME = AppIcon;
				CODE_SIGN_STYLE = Automatic;
				DEVELOPMENT_TEAM = C9CVXCL3EV;
				INFOPLIST_FILE = FancyCars/Info.plist;
				LD_RUNPATH_SEARCH_PATHS = (
					"$(inherited)",
					"@executable_path/Frameworks",
				);
				PRODUCT_BUNDLE_IDENTIFIER = com.meta.FancyCars;
				PRODUCT_NAME = "$(TARGET_NAME)";
				SWIFT_VERSION = 4.2;
				TARGETED_DEVICE_FAMILY = "1,2";
			};
			name = Debug;
		};
		86FA8A8D2270D80600818332 /* Release */ = {
			isa = XCBuildConfiguration;
			buildSettings = {
				ASSETCATALOG_COMPILER_APPICON_NAME = AppIcon;
				CODE_SIGN_STYLE = Automatic;
				DEVELOPMENT_TEAM = C9CVXCL3EV;
				INFOPLIST_FILE = FancyCars/Info.plist;
				LD_RUNPATH_SEARCH_PATHS = (
					"$(inherited)",
					"@executable_path/Frameworks",
				);
				PRODUCT_BUNDLE_IDENTIFIER = com.meta.FancyCars;
				PRODUCT_NAME = "$(TARGET_NAME)";
				SWIFT_VERSION = 4.2;
				TARGETED_DEVICE_FAMILY = "1,2";
			};
			name = Release;
		};
/* End XCBuildConfiguration section */

/* Begin XCConfigurationList section */
		86FA8A742270D80400818332 /* Build configuration list for PBXProject "FancyCars" */ = {
			isa = XCConfigurationList;
			buildConfigurations = (
				86FA8A892270D80600818332 /* Debug */,
				86FA8A8A2270D80600818332 /* Release */,
			);
			defaultConfigurationIsVisible = 0;
			defaultConfigurationName = Release;
		};
		86FA8A8B2270D80600818332 /* Build configuration list for PBXNativeTarget "FancyCars" */ = {
			isa = XCConfigurationList;
			buildConfigurations = (
				86FA8A8C2270D80600818332 /* Debug */,
				86FA8A8D2270D80600818332 /* Release */,
			);
			defaultConfigurationIsVisible = 0;
			defaultConfigurationName = Release;
		};
/* End XCConfigurationList section */
	};
	rootObject = 86FA8A712270D80400818332 /* Project object */;
}
